
Microsoft Visual Studio Solution File, Format Version 12.00
# Visual Studio Version 16
VisualStudioVersion = 16.0.28803.352
MinimumVisualStudioVersion = 10.0.40219.1
Project("{FAE04EC0-301F-11D3-BF4B-00C04F79EFBC}") = "Integration", "Integration\Integration.csproj", "{4DE6134D-C656-46AF-ACAE-48287990E75C}"
EndProject
Global
	GlobalSection(SolutionConfigurationPlatforms) = preSolution
		Debug|Any CPU = Debug|Any CPU
		Release|Any CPU = Release|Any CPU
	EndGlobalSection
	GlobalSection(ProjectConfigurationPlatforms) = postSolution
		{4DE6134D-C656-46AF-ACAE-48287990E75C}.Debug|Any CPU.ActiveCfg = Debug|Any CPU
		{4DE6134D-C656-46AF-ACAE-48287990E75C}.Debug|Any CPU.Build.0 = Debug|Any CPU
		{4DE6134D-C656-46AF-ACAE-48287990E75C}.Release|Any CPU.ActiveCfg = Release|Any CPU
		{4DE6134D-C656-46AF-ACAE-48287990E75C}.Release|Any CPU.Build.0 = Release|Any CPU
	EndGlobalSection
	GlobalSection(SolutionProperties) = preSolution
		HideSolutionNode = FALSE
	EndGlobalSection
	GlobalSection(ExtensibilityGlobals) = postSolution
		SolutionGuid = {1F932D49-0288-429E-BF34-F5747B13EDFE}
	EndGlobalSection
EndGlobal
